
Microsoft Visual Studio Solution File, Format Version 12.00
# Visual Studio Version 17
VisualStudioVersion = 17.5.002.0
MinimumVisualStudioVersion = 10.0.40219.1
Project("{FAE04EC0-301F-11D3-BF4B-00C04F79EFBC}") = "QuadraticEquation", "QuadraticEquation\QuadraticEquation.csproj", "{730C2192-6AFC-48C2-852C-72AAF3E2D32C}"
EndProject
Project("{FAE04EC0-301F-11D3-BF4B-00C04F79EFBC}") = "Tests", "Tests\Tests.csproj", "{0A6F821F-D8EE-421A-9539-8375CBCE0A26}"
EndProject
Global
	GlobalSection(SolutionProperties) = preSolution
		HideSolutionNode = FALSE
	EndGlobalSection
	GlobalSection(ExtensibilityGlobals) = postSolution
		SolutionGuid = {3A153CFB-8969-47D9-ABDE-8D6714D0D51A}
	EndGlobalSection
	GlobalSection(SolutionConfigurationPlatforms) = preSolution
		Debug|Any CPU = Debug|Any CPU
		Debug|x64 = Debug|x64
		Debug|x86 = Debug|x86
		Release|Any CPU = Release|Any CPU
		Release|x64 = Release|x64
		Release|x86 = Release|x86
	EndGlobalSection
	GlobalSection(ProjectConfigurationPlatforms) = postSolution
		{730C2192-6AFC-48C2-852C-72AAF3E2D32C}.Debug|Any CPU.ActiveCfg = Debug|Any CPU
		{730C2192-6AFC-48C2-852C-72AAF3E2D32C}.Debug|Any CPU.Build.0 = Debug|Any CPU
		{730C2192-6AFC-48C2-852C-72AAF3E2D32C}.Debug|x64.ActiveCfg = Debug|Any CPU
		{730C2192-6AFC-48C2-852C-72AAF3E2D32C}.Debug|x64.Build.0 = Debug|Any CPU
		{730C2192-6AFC-48C2-852C-72AAF3E2D32C}.Debug|x86.ActiveCfg = Debug|Any CPU
		{730C2192-6AFC-48C2-852C-72AAF3E2D32C}.Debug|x86.Build.0 = Debug|Any CPU
		{730C2192-6AFC-48C2-852C-72AAF3E2D32C}.Release|Any CPU.ActiveCfg = Release|Any CPU
		{730C2192-6AFC-48C2-852C-72AAF3E2D32C}.Release|Any CPU.Build.0 = Release|Any CPU
		{730C2192-6AFC-48C2-852C-72AAF3E2D32C}.Release|x64.ActiveCfg = Release|Any CPU
		{730C2192-6AFC-48C2-852C-72AAF3E2D32C}.Release|x64.Build.0 = Release|Any CPU
		{730C2192-6AFC-48C2-852C-72AAF3E2D32C}.Release|x86.ActiveCfg = Release|Any CPU
		{730C2192-6AFC-48C2-852C-72AAF3E2D32C}.Release|x86.Build.0 = Release|Any CPU
		{0A6F821F-D8EE-421A-9539-8375CBCE0A26}.Debug|Any CPU.ActiveCfg = Debug|Any CPU
		{0A6F821F-D8EE-421A-9539-8375CBCE0A26}.Debug|Any CPU.Build.0 = Debug|Any CPU
		{0A6F821F-D8EE-421A-9539-8375CBCE0A26}.Debug|x64.ActiveCfg = Debug|Any CPU
		{0A6F821F-D8EE-421A-9539-8375CBCE0A26}.Debug|x64.Build.0 = Debug|Any CPU
		{0A6F821F-D8EE-421A-9539-8375CBCE0A26}.Debug|x86.ActiveCfg = Debug|Any CPU
		{0A6F821F-D8EE-421A-9539-8375CBCE0A26}.Debug|x86.Build.0 = Debug|Any CPU
		{0A6F821F-D8EE-421A-9539-8375CBCE0A26}.Release|Any CPU.ActiveCfg = Release|Any CPU
		{0A6F821F-D8EE-421A-9539-8375CBCE0A26}.Release|Any CPU.Build.0 = Release|Any CPU
		{0A6F821F-D8EE-421A-9539-8375CBCE0A26}.Release|x64.ActiveCfg = Release|Any CPU
		{0A6F821F-D8EE-421A-9539-8375CBCE0A26}.Release|x64.Build.0 = Release|Any CPU
		{0A6F821F-D8EE-421A-9539-8375CBCE0A26}.Release|x86.ActiveCfg = Release|Any CPU
		{0A6F821F-D8EE-421A-9539-8375CBCE0A26}.Release|x86.Build.0 = Release|Any CPU
	EndGlobalSection
EndGlobal
